Microsoft Visual Studio Solution File, Format Version 12.00
# Visual Studio Version 17
VisualStudioVersion = 17.5.2.0
MinimumVisualStudioVersion = 10.0.40219.1
Project("{FAE04EC0-301F-11D3-BF4B-00C04F79EFBC}") = "scan2pay", "scan2pay.csproj", "{981787D1-939A-4ED5-D2C4-21D3058FBFFE}"
EndProject
Global
	GlobalSection(SolutionConfigurationPlatforms) = preSolution
		Debug|Any CPU = Debug|Any CPU
		Release|Any CPU = Release|Any CPU
	EndGlobalSection
	GlobalSection(ProjectConfigurationPlatforms) = postSolution
		{981787D1-939A-4ED5-D2C4-21D3058FBFFE}.Debug|Any CPU.ActiveCfg = Debug|Any CPU
		{981787D1-939A-4ED5-D2C4-21D3058FBFFE}.Debug|Any CPU.Build.0 = Debug|Any CPU
		{981787D1-939A-4ED5-D2C4-21D3058FBFFE}.Release|Any CPU.ActiveCfg = Release|Any CPU
		{981787D1-939A-4ED5-D2C4-21D3058FBFFE}.Release|Any CPU.Build.0 = Release|Any CPU
	EndGlobalSection
	GlobalSection(SolutionProperties) = preSolution
		HideSolutionNode = FALSE
	EndGlobalSection
	GlobalSection(ExtensibilityGlobals) = postSolution
		SolutionGuid = {1F4BBE80-E7E9-4106-8860-EEEEF697A13B}
	EndGlobalSection
EndGlobal
